
Microsoft Visual Studio Solution File, Format Version 12.00
# Visual Studio Version 17
VisualStudioVersion = 17.7.34202.233
MinimumVisualStudioVersion = 10.0.40219.1
Project("{FAE04EC0-301F-11D3-BF4B-00C04F79EFBC}") = "HraEscape", "HraEscape\HraEscape.csproj", "{80C4230C-1ECF-4F90-88AA-3452F1C90E6B}"
EndProject
Global
	GlobalSection(SolutionConfigurationPlatforms) = preSolution
		Debug|Any CPU = Debug|Any CPU
		Release|Any CPU = Release|Any CPU
	EndGlobalSection
	GlobalSection(ProjectConfigurationPlatforms) = postSolution
		{80C4230C-1ECF-4F90-88AA-3452F1C90E6B}.Debug|Any CPU.ActiveCfg = Debug|Any CPU
		{80C4230C-1ECF-4F90-88AA-3452F1C90E6B}.Debug|Any CPU.Build.0 = Debug|Any CPU
		{80C4230C-1ECF-4F90-88AA-3452F1C90E6B}.Release|Any CPU.ActiveCfg = Release|Any CPU
		{80C4230C-1ECF-4F90-88AA-3452F1C90E6B}.Release|Any CPU.Build.0 = Release|Any CPU
	EndGlobalSection
	GlobalSection(SolutionProperties) = preSolution
		HideSolutionNode = FALSE
	EndGlobalSection
	GlobalSection(ExtensibilityGlobals) = postSolution
		SolutionGuid = {27F69F93-0324-4268-A272-347DD4D2A027}
	EndGlobalSection
EndGlobal
